// !$*UTF8*$!
{
	archiveVersion = 1;
	classes = {
	};
	objectVersion = 55;
	objects = {

/* Begin PBXBuildFile section */
		0C4B2A3826F7015BE8ACA61F /* Pods_Filmoteka.framework in Frameworks */ = {isa = PBXBuildFile; fileRef = 017EA276AB21D1AD867A875D /* Pods_Filmoteka.framework */; };
		821E14932A38A6C10011E8CD /* FirestoreService.swift in Sources */ = {isa = PBXBuildFile; fileRef = 821E14922A38A6C10011E8CD /* FirestoreService.swift */; };
		829FC3D92A325AF9001D02A2 /* LogInViewController.swift in Sources */ = {isa = PBXBuildFile; fileRef = 829FC3D82A325AF9001D02A2 /* LogInViewController.swift */; };
		829FC3DD2A327757001D02A2 /* Poppins in Resources */ = {isa = PBXBuildFile; fileRef = 829FC3DC2A327756001D02A2 /* Poppins */; };
		82AA4BFE2A35081F00580791 /* APIManager.swift in Sources */ = {isa = PBXBuildFile; fileRef = 82AA4BFD2A35081F00580791 /* APIManager.swift */; };
		82AA4C012A350E6400580791 /* MovieCellViewModel.swift in Sources */ = {isa = PBXBuildFile; fileRef = 82AA4C002A350E6400580791 /* MovieCellViewModel.swift */; };
		82AA4C032A36684300580791 /* ProfileViewController.swift in Sources */ = {isa = PBXBuildFile; fileRef = 82AA4C022A36684300580791 /* ProfileViewController.swift */; };
		82AA4C052A370ACC00580791 /* MovieDetailsViewController.swift in Sources */ = {isa = PBXBuildFile; fileRef = 82AA4C042A370ACC00580791 /* MovieDetailsViewController.swift */; };
		82AA4C082A37123300580791 /* MovieDetailsViewModel.swift in Sources */ = {isa = PBXBuildFile; fileRef = 82AA4C072A37123300580791 /* MovieDetailsViewModel.swift */; };
		82AA4C0B2A37B84100580791 /* FavoritesViewController.swift in Sources */ = {isa = PBXBuildFile; fileRef = 82AA4C0A2A37B84100580791 /* FavoritesViewController.swift */; };
		82AA4C0D2A37B85C00580791 /* FavoritesViewModel.swift in Sources */ = {isa = PBXBuildFile; fileRef = 82AA4C0C2A37B85C00580791 /* FavoritesViewModel.swift */; };
		82AA4C0F2A385B1900580791 /* HomeViewModel.swift in Sources */ = {isa = PBXBuildFile; fileRef = 82AA4C0E2A385B1900580791 /* HomeViewModel.swift */; };
		82ABDE702A34AE5E00DEBA09 /* MoviesTableViewCell.swift in Sources */ = {isa = PBXBuildFile; fileRef = 82ABDE6E2A34AE5E00DEBA09 /* MoviesTableViewCell.swift */; };
		82ABDE712A34AE5E00DEBA09 /* MoviesTableViewCell.xib in Resources */ = {isa = PBXBuildFile; fileRef = 82ABDE6F2A34AE5E00DEBA09 /* MoviesTableViewCell.xib */; };
		82ABDE742A34B08200DEBA09 /* HomeViewController.swift in Sources */ = {isa = PBXBuildFile; fileRef = 82ABDE732A34B08200DEBA09 /* HomeViewController.swift */; };
		82ABDE762A34BFCA00DEBA09 /* MovieCell.swift in Sources */ = {isa = PBXBuildFile; fileRef = 82ABDE752A34BFC900DEBA09 /* MovieCell.swift */; };
		82D99A382A33BA9A0096B690 /* SignUpViewController.swift in Sources */ = {isa = PBXBuildFile; fileRef = 82D99A372A33BA9A0096B690 /* SignUpViewController.swift */; };
		82ED44E12A3246F00067B4CB /* AppDelegate.swift in Sources */ = {isa = PBXBuildFile; fileRef = 82ED44E02A3246F00067B4CB /* AppDelegate.swift */; };
		82ED44E32A3246F00067B4CB /* SceneDelegate.swift in Sources */ = {isa = PBXBuildFile; fileRef = 82ED44E22A3246F00067B4CB /* SceneDelegate.swift */; };
		82ED44E52A3246F00067B4CB /* WelcomeViewController.swift in Sources */ = {isa = PBXBuildFile; fileRef = 82ED44E42A3246F00067B4CB /* WelcomeViewController.swift */; };
		82ED44E82A3246F00067B4CB /* Main.storyboard in Resources */ = {isa = PBXBuildFile; fileRef = 82ED44E62A3246F00067B4CB /* Main.storyboard */; };
		82ED44EA2A3246F10067B4CB /* Assets.xcassets in Resources */ = {isa = PBXBuildFile; fileRef = 82ED44E92A3246F10067B4CB /* Assets.xcassets */; };
		82ED44ED2A3246F10067B4CB /* LaunchScreen.storyboard in Resources */ = {isa = PBXBuildFile; fileRef = 82ED44EB2A3246F10067B4CB /* LaunchScreen.storyboard */; };
		82ED44F52A324D7A0067B4CB /* GoogleService-Info.plist in Resources */ = {isa = PBXBuildFile; fileRef = 82ED44F42A324D7A0067B4CB /* GoogleService-Info.plist */; };
/* End PBXBuildFile section */

/* Begin PBXFileReference section */
		017EA276AB21D1AD867A875D /* Pods_Filmoteka.framework */ = {isa = PBXFileReference; explicitFileType = wrapper.framework; includeInIndex = 0; path = Pods_Filmoteka.framework; sourceTree = BUILT_PRODUCTS_DIR; };
		1D1BD474EA6EA77D2342BE8B /* Pods-Filmoteka.release.xcconfig */ = {isa = PBXFileReference; includeInIndex = 1; lastKnownFileType = text.xcconfig; name = "Pods-Filmoteka.release.xcconfig"; path = "Target Support Files/Pods-Filmoteka/Pods-Filmoteka.release.xcconfig"; sourceTree = "<group>"; };
		821E14922A38A6C10011E8CD /* FirestoreService.swift */ = {isa = PBXFileReference; lastKnownFileType = sourcecode.swift; path = FirestoreService.swift; sourceTree = "<group>"; };
		829FC3D82A325AF9001D02A2 /* LogInViewController.swift */ = {isa = PBXFileReference; lastKnownFileType = sourcecode.swift; path = LogInViewController.swift; sourceTree = "<group>"; };
		829FC3DC2A327756001D02A2 /* Poppins */ = {isa = PBXFileReference; lastKnownFileType = folder; path = Poppins; sourceTree = "<group>"; };
		82AA4BFD2A35081F00580791 /* APIManager.swift */ = {isa = PBXFileReference; lastKnownFileType = sourcecode.swift; path = APIManager.swift; sourceTree = "<group>"; };
		82AA4C002A350E6400580791 /* MovieCellViewModel.swift */ = {isa = PBXFileReference; lastKnownFileType = sourcecode.swift; path = MovieCellViewModel.swift; sourceTree = "<group>"; };
		82AA4C022A36684300580791 /* ProfileViewController.swift */ = {isa = PBXFileReference; lastKnownFileType = sourcecode.swift; path = ProfileViewController.swift; sourceTree = "<group>"; };
		82AA4C042A370ACC00580791 /* MovieDetailsViewController.swift */ = {isa = PBXFileReference; lastKnownFileType = sourcecode.swift; path = MovieDetailsViewController.swift; sourceTree = "<group>"; };
		82AA4C072A37123300580791 /* MovieDetailsViewModel.swift */ = {isa = PBXFileReference; lastKnownFileType = sourcecode.swift; path = MovieDetailsViewModel.swift; sourceTree = "<group>"; };
		82AA4C0A2A37B84100580791 /* FavoritesViewController.swift */ = {isa = PBXFileReference; lastKnownFileType = sourcecode.swift; path = FavoritesViewController.swift; sourceTree = "<group>"; };
		82AA4C0C2A37B85C00580791 /* FavoritesViewModel.swift */ = {isa = PBXFileReference; lastKnownFileType = sourcecode.swift; path = FavoritesViewModel.swift; sourceTree = "<group>"; };
		82AA4C0E2A385B1900580791 /* HomeViewModel.swift */ = {isa = PBXFileReference; lastKnownFileType = sourcecode.swift; path = HomeViewModel.swift; sourceTree = "<group>"; };
		82ABDE6E2A34AE5E00DEBA09 /* MoviesTableViewCell.swift */ = {isa = PBXFileReference; lastKnownFileType = sourcecode.swift; path = MoviesTableViewCell.swift; sourceTree = "<group>"; };
		82ABDE6F2A34AE5E00DEBA09 /* MoviesTableViewCell.xib */ = {isa = PBXFileReference; lastKnownFileType = file.xib; path = MoviesTableViewCell.xib; sourceTree = "<group>"; };
		82ABDE732A34B08200DEBA09 /* HomeViewController.swift */ = {isa = PBXFileReference; lastKnownFileType = sourcecode.swift; path = HomeViewController.swift; sourceTree = "<group>"; };
		82ABDE752A34BFC900DEBA09 /* MovieCell.swift */ = {isa = PBXFileReference; lastKnownFileType = sourcecode.swift; path = MovieCell.swift; sourceTree = "<group>"; };
		82D99A372A33BA9A0096B690 /* SignUpViewController.swift */ = {isa = PBXFileReference; lastKnownFileType = sourcecode.swift; path = SignUpViewController.swift; sourceTree = "<group>"; };
		82ED44DD2A3246F00067B4CB /* Filmoteka.app */ = {isa = PBXFileReference; explicitFileType = wrapper.application; includeInIndex = 0; path = Filmoteka.app; sourceTree = BUILT_PRODUCTS_DIR; };
		82ED44E02A3246F00067B4CB /* AppDelegate.swift */ = {isa = PBXFileReference; lastKnownFileType = sourcecode.swift; path = AppDelegate.swift; sourceTree = "<group>"; };
		82ED44E22A3246F00067B4CB /* SceneDelegate.swift */ = {isa = PBXFileReference; lastKnownFileType = sourcecode.swift; path = SceneDelegate.swift; sourceTree = "<group>"; };
		82ED44E42A3246F00067B4CB /* WelcomeViewController.swift */ = {isa = PBXFileReference; lastKnownFileType = sourcecode.swift; path = WelcomeViewController.swift; sourceTree = "<group>"; };
		82ED44E72A3246F00067B4CB /* Base */ = {isa = PBXFileReference; lastKnownFileType = file.storyboard; name = Base; path = Base.lproj/Main.storyboard; sourceTree = "<group>"; };
		82ED44E92A3246F10067B4CB /* Assets.xcassets */ = {isa = PBXFileReference; lastKnownFileType = folder.assetcatalog; path = Assets.xcassets; sourceTree = "<group>"; };
		82ED44EC2A3246F10067B4CB /* Base */ = {isa = PBXFileReference; lastKnownFileType = file.storyboard; name = Base; path = Base.lproj/LaunchScreen.storyboard; sourceTree = "<group>"; };
		82ED44EE2A3246F10067B4CB /* Info.plist */ = {isa = PBXFileReference; lastKnownFileType = text.plist.xml; path = Info.plist; sourceTree = "<group>"; };
		82ED44F42A324D7A0067B4CB /* GoogleService-Info.plist */ = {isa = PBXFileReference; fileEncoding = 4; lastKnownFileType = text.plist.xml; path = "GoogleService-Info.plist"; sourceTree = "<group>"; };
		FF7EA833E59A09E479BB5C2C /* Pods-Filmoteka.debug.xcconfig */ = {isa = PBXFileReference; includeInIndex = 1; lastKnownFileType = text.xcconfig; name = "Pods-Filmoteka.debug.xcconfig"; path = "Target Support Files/Pods-Filmoteka/Pods-Filmoteka.debug.xcconfig"; sourceTree = "<group>"; };
/* End PBXFileReference section */

/* Begin PBXFrameworksBuildPhase section */
		82ED44DA2A3246F00067B4CB /* Frameworks */ = {
			isa = PBXFrameworksBuildPhase;
			buildActionMask = 2147483647;
			files = (
				0C4B2A3826F7015BE8ACA61F /* Pods_Filmoteka.framework in Frameworks */,
			);
			runOnlyForDeploymentPostprocessing = 0;
		};
/* End PBXFrameworksBuildPhase section */

/* Begin PBXGroup section */
		71E9B6CC2407781E0F487D01 /* Frameworks */ = {
			isa = PBXGroup;
			children = (
				017EA276AB21D1AD867A875D /* Pods_Filmoteka.framework */,
			);
			name = Frameworks;
			sourceTree = "<group>";
		};
		776EEF4FCB905458CEFCBA17 /* Pods */ = {
			isa = PBXGroup;
			children = (
				FF7EA833E59A09E479BB5C2C /* Pods-Filmoteka.debug.xcconfig */,
				1D1BD474EA6EA77D2342BE8B /* Pods-Filmoteka.release.xcconfig */,
			);
			path = Pods;
			sourceTree = "<group>";
		};
		821E14942A38D1420011E8CD /* Profile Page */ = {
			isa = PBXGroup;
			children = (
				82AA4C022A36684300580791 /* ProfileViewController.swift */,
			);
			path = "Profile Page";
			sourceTree = "<group>";
		};
		82AA4BFF2A350E3B00580791 /* ViewModel */ = {
			isa = PBXGroup;
			children = (
				82AA4C002A350E6400580791 /* MovieCellViewModel.swift */,
			);
			path = ViewModel;
			sourceTree = "<group>";
		};
		82AA4C062A37120E00580791 /* MovieDetails */ = {
			isa = PBXGroup;
			children = (
				82AA4C042A370ACC00580791 /* MovieDetailsViewController.swift */,
				82AA4C072A37123300580791 /* MovieDetailsViewModel.swift */,
			);
			path = MovieDetails;
			sourceTree = "<group>";
		};
		82AA4C092A37B82B00580791 /* Favorites */ = {
			isa = PBXGroup;
			children = (
				82AA4C0A2A37B84100580791 /* FavoritesViewController.swift */,
				82AA4C0C2A37B85C00580791 /* FavoritesViewModel.swift */,
			);
			path = Favorites;
			sourceTree = "<group>";
		};
		82AA4C102A385B1F00580791 /* Home Page */ = {
			isa = PBXGroup;
			children = (
				82ABDE732A34B08200DEBA09 /* HomeViewController.swift */,
				82AA4C0E2A385B1900580791 /* HomeViewModel.swift */,
			);
			path = "Home Page";
			sourceTree = "<group>";
		};
		82ABDE722A34AE7800DEBA09 /* Authentication */ = {
			isa = PBXGroup;
			children = (
				829FC3D82A325AF9001D02A2 /* LogInViewController.swift */,
				82D99A372A33BA9A0096B690 /* SignUpViewController.swift */,
				821E14922A38A6C10011E8CD /* FirestoreService.swift */,
			);
			path = Authentication;
			sourceTree = "<group>";
		};
		82ABDE772A34BFD300DEBA09 /* Model */ = {
			isa = PBXGroup;
			children = (
				82ABDE752A34BFC900DEBA09 /* MovieCell.swift */,
			);
			path = Model;
			sourceTree = "<group>";
		};
		82ABDE782A3506DF00DEBA09 /* API */ = {
			isa = PBXGroup;
			children = (
				82AA4BFD2A35081F00580791 /* APIManager.swift */,
			);
			path = API;
			sourceTree = "<group>";
		};
		82ED44D42A3246F00067B4CB = {
			isa = PBXGroup;
			children = (
				82ED44DF2A3246F00067B4CB /* Filmoteka */,
				82ED44DE2A3246F00067B4CB /* Products */,
				776EEF4FCB905458CEFCBA17 /* Pods */,
				71E9B6CC2407781E0F487D01 /* Frameworks */,
			);
			sourceTree = "<group>";
		};
		82ED44DE2A3246F00067B4CB /* Products */ = {
			isa = PBXGroup;
			children = (
				82ED44DD2A3246F00067B4CB /* Filmoteka.app */,
			);
			name = Products;
			sourceTree = "<group>";
		};
		82ED44DF2A3246F00067B4CB /* Filmoteka */ = {
			isa = PBXGroup;
			children = (
				821E14942A38D1420011E8CD /* Profile Page */,
				82ED44F62A3251260067B4CB /* App */,
				82AA4C102A385B1F00580791 /* Home Page */,
				82AA4C062A37120E00580791 /* MovieDetails */,
				82ABDE782A3506DF00DEBA09 /* API */,
				82ABDE722A34AE7800DEBA09 /* Authentication */,
				82ED44E42A3246F00067B4CB /* WelcomeViewController.swift */,
				82AA4C092A37B82B00580791 /* Favorites */,
				82ABDE772A34BFD300DEBA09 /* Model */,
				82ED44F72A3254520067B4CB /* View */,
				82AA4BFF2A350E3B00580791 /* ViewModel */,
				82ED44E92A3246F10067B4CB /* Assets.xcassets */,
				82ED44EB2A3246F10067B4CB /* LaunchScreen.storyboard */,
				829FC3DC2A327756001D02A2 /* Poppins */,
				82ED44EE2A3246F10067B4CB /* Info.plist */,
				82ED44F42A324D7A0067B4CB /* GoogleService-Info.plist */,
			);
			path = Filmoteka;
			sourceTree = "<group>";
		};
		82ED44F62A3251260067B4CB /* App */ = {
			isa = PBXGroup;
			children = (
				82ED44E02A3246F00067B4CB /* AppDelegate.swift */,
				82ED44E22A3246F00067B4CB /* SceneDelegate.swift */,
			);
			path = App;
			sourceTree = "<group>";
		};
		82ED44F72A3254520067B4CB /* View */ = {
			isa = PBXGroup;
			children = (
				82ED44E62A3246F00067B4CB /* Main.storyboard */,
				82ABDE6E2A34AE5E00DEBA09 /* MoviesTableViewCell.swift */,
				82ABDE6F2A34AE5E00DEBA09 /* MoviesTableViewCell.xib */,
			);
			path = View;
			sourceTree = "<group>";
		};
/* End PBXGroup section */

/* Begin PBXNativeTarget section */
		82ED44DC2A3246F00067B4CB /* Filmoteka */ = {
			isa = PBXNativeTarget;
			buildConfigurationList = 82ED44F12A3246F10067B4CB /* Build configuration list for PBXNativeTarget "Filmoteka" */;
			buildPhases = (
				1FCE5229DCE2029376390477 /* [CP] Check Pods Manifest.lock */,
				82ED44D92A3246F00067B4CB /* Sources */,
				82ED44DA2A3246F00067B4CB /* Frameworks */,
				82ED44DB2A3246F00067B4CB /* Resources */,
				F5F46E615B14980AF7163B4A /* [CP] Embed Pods Frameworks */,
			);
			buildRules = (
			);
			dependencies = (
			);
			name = Filmoteka;
			productName = Filmoteka;
			productReference = 82ED44DD2A3246F00067B4CB /* Filmoteka.app */;
			productType = "com.apple.product-type.application";
		};
/* End PBXNativeTarget section */

/* Begin PBXProject section */
		82ED44D52A3246F00067B4CB /* Project object */ = {
			isa = PBXProject;
			attributes = {
				BuildIndependentTargetsInParallel = 1;
				LastSwiftUpdateCheck = 1340;
				LastUpgradeCheck = 1340;
				TargetAttributes = {
					82ED44DC2A3246F00067B4CB = {
						CreatedOnToolsVersion = 13.4.1;
					};
				};
			};
			buildConfigurationList = 82ED44D82A3246F00067B4CB /* Build configuration list for PBXProject "Filmoteka" */;
			compatibilityVersion = "Xcode 13.0";
			developmentRegion = en;
			hasScannedForEncodings = 0;
			knownRegions = (
				en,
				Base,
			);
			mainGroup = 82ED44D42A3246F00067B4CB;
			productRefGroup = 82ED44DE2A3246F00067B4CB /* Products */;
			projectDirPath = "";
			projectRoot = "";
			targets = (
				82ED44DC2A3246F00067B4CB /* Filmoteka */,
			);
		};
/* End PBXProject section */

/* Begin PBXResourcesBuildPhase section */
		82ED44DB2A3246F00067B4CB /* Resources */ = {
			isa = PBXResourcesBuildPhase;
			buildActionMask = 2147483647;
			files = (
				829FC3DD2A327757001D02A2 /* Poppins in Resources */,
				82ED44ED2A3246F10067B4CB /* LaunchScreen.storyboard in Resources */,
				82ED44F52A324D7A0067B4CB /* GoogleService-Info.plist in Resources */,
				82ED44EA2A3246F10067B4CB /* Assets.xcassets in Resources */,
				82ABDE712A34AE5E00DEBA09 /* MoviesTableViewCell.xib in Resources */,
				82ED44E82A3246F00067B4CB /* Main.storyboard in Resources */,
			);
			runOnlyForDeploymentPostprocessing = 0;
		};
/* End PBXResourcesBuildPhase section */

/* Begin PBXShellScriptBuildPhase section */
		1FCE5229DCE2029376390477 /* [CP] Check Pods Manifest.lock */ = {
			isa = PBXShellScriptBuildPhase;
			buildActionMask = 2147483647;
			files = (
			);
			inputFileListPaths = (
			);
			inputPaths = (
				"${PODS_PODFILE_DIR_PATH}/Podfile.lock",
				"${PODS_ROOT}/Manifest.lock",
			);
			name = "[CP] Check Pods Manifest.lock";
			outputFileListPaths = (
			);
			outputPaths = (
				"$(DERIVED_FILE_DIR)/Pods-Filmoteka-checkManifestLockResult.txt",
			);
			runOnlyForDeploymentPostprocessing = 0;
			shellPath = /bin/sh;
			shellScript = "diff \"${PODS_PODFILE_DIR_PATH}/Podfile.lock\" \"${PODS_ROOT}/Manifest.lock\" > /dev/null\nif [ $? != 0 ] ; then\n    # print error to STDERR\n    echo \"error: The sandbox is not in sync with the Podfile.lock. Run 'pod install' or update your CocoaPods installation.\" >&2\n    exit 1\nfi\n# This output is used by Xcode 'outputs' to avoid re-running this script phase.\necho \"SUCCESS\" > \"${SCRIPT_OUTPUT_FILE_0}\"\n";
			showEnvVarsInLog = 0;
		};
		F5F46E615B14980AF7163B4A /* [CP] Embed Pods Frameworks */ = {
			isa = PBXShellScriptBuildPhase;
			buildActionMask = 2147483647;
			files = (
			);
			inputFileListPaths = (
				"${PODS_ROOT}/Target Support Files/Pods-Filmoteka/Pods-Filmoteka-frameworks-${CONFIGURATION}-input-files.xcfilelist",
			);
			name = "[CP] Embed Pods Frameworks";
			outputFileListPaths = (
				"${PODS_ROOT}/Target Support Files/Pods-Filmoteka/Pods-Filmoteka-frameworks-${CONFIGURATION}-output-files.xcfilelist",
			);
			runOnlyForDeploymentPostprocessing = 0;
			shellPath = /bin/sh;
			shellScript = "\"${PODS_ROOT}/Target Support Files/Pods-Filmoteka/Pods-Filmoteka-frameworks.sh\"\n";
			showEnvVarsInLog = 0;
		};
/* End PBXShellScriptBuildPhase section */

/* Begin PBXSourcesBuildPhase section */
		82ED44D92A3246F00067B4CB /* Sources */ = {
			isa = PBXSourcesBuildPhase;
			buildActionMask = 2147483647;
			files = (
				82AA4C0D2A37B85C00580791 /* FavoritesViewModel.swift in Sources */,
				82ABDE702A34AE5E00DEBA09 /* MoviesTableViewCell.swift in Sources */,
				829FC3D92A325AF9001D02A2 /* LogInViewController.swift in Sources */,
				82AA4C0F2A385B1900580791 /* HomeViewModel.swift in Sources */,
				82AA4C0B2A37B84100580791 /* FavoritesViewController.swift in Sources */,
				82ED44E52A3246F00067B4CB /* WelcomeViewController.swift in Sources */,
				82AA4C012A350E6400580791 /* MovieCellViewModel.swift in Sources */,
				82AA4BFE2A35081F00580791 /* APIManager.swift in Sources */,
				82ED44E12A3246F00067B4CB /* AppDelegate.swift in Sources */,
				82AA4C032A36684300580791 /* ProfileViewController.swift in Sources */,
				821E14932A38A6C10011E8CD /* FirestoreService.swift in Sources */,
				82ED44E32A3246F00067B4CB /* SceneDelegate.swift in Sources */,
				82AA4C082A37123300580791 /* MovieDetailsViewModel.swift in Sources */,
				82ABDE742A34B08200DEBA09 /* HomeViewController.swift in Sources */,
				82D99A382A33BA9A0096B690 /* SignUpViewController.swift in Sources */,
				82ABDE762A34BFCA00DEBA09 /* MovieCell.swift in Sources */,
				82AA4C052A370ACC00580791 /* MovieDetailsViewController.swift in Sources */,
			);
			runOnlyForDeploymentPostprocessing = 0;
		};
/* End PBXSourcesBuildPhase section */

/* Begin PBXVariantGroup section */
		82ED44E62A3246F00067B4CB /* Main.storyboard */ = {
			isa = PBXVariantGroup;
			children = (
				82ED44E72A3246F00067B4CB /* Base */,
			);
			name = Main.storyboard;
			sourceTree = "<group>";
		};
		82ED44EB2A3246F10067B4CB /* LaunchScreen.storyboard */ = {
			isa = PBXVariantGroup;
			children = (
				82ED44EC2A3246F10067B4CB /* Base */,
			);
			name = LaunchScreen.storyboard;
			sourceTree = "<group>";
		};
/* End PBXVariantGroup section */

/* Begin XCBuildConfiguration section */
		82ED44EF2A3246F10067B4CB /* Debug */ = {
			isa = XCBuildConfiguration;
			buildSettings = {
				ALWAYS_SEARCH_USER_PATHS = NO;
				CLANG_ANALYZER_NONNULL = YES;
				CLANG_ANALYZER_NUMBER_OBJECT_CONVERSION = YES_AGGRESSIVE;
				CLANG_CXX_LANGUAGE_STANDARD = "gnu++17";
				CLANG_ENABLE_MODULES = YES;
				CLANG_ENABLE_OBJC_ARC = YES;
				CLANG_ENABLE_OBJC_WEAK = YES;
				CLANG_WARN_BLOCK_CAPTURE_AUTORELEASING = YES;
				CLANG_WARN_BOOL_CONVERSION = YES;
				CLANG_WARN_COMMA = YES;
				CLANG_WARN_CONSTANT_CONVERSION = YES;
				CLANG_WARN_DEPRECATED_OBJC_IMPLEMENTATIONS = YES;
				CLANG_WARN_DIRECT_OBJC_ISA_USAGE = YES_ERROR;
				CLANG_WARN_DOCUMENTATION_COMMENTS = YES;
				CLANG_WARN_EMPTY_BODY = YES;
				CLANG_WARN_ENUM_CONVERSION = YES;
				CLANG_WARN_INFINITE_RECURSION = YES;
				CLANG_WARN_INT_CONVERSION = YES;
				CLANG_WARN_NON_LITERAL_NULL_CONVERSION = YES;
				CLANG_WARN_OBJC_IMPLICIT_RETAIN_SELF = YES;
				CLANG_WARN_OBJC_LITERAL_CONVERSION = YES;
				CLANG_WARN_OBJC_ROOT_CLASS = YES_ERROR;
				CLANG_WARN_QUOTED_INCLUDE_IN_FRAMEWORK_HEADER = YES;
				CLANG_WARN_RANGE_LOOP_ANALYSIS = YES;
				CLANG_WARN_STRICT_PROTOTYPES = YES;
				CLANG_WARN_SUSPICIOUS_MOVE = YES;
				CLANG_WARN_UNGUARDED_AVAILABILITY = YES_AGGRESSIVE;
				CLANG_WARN_UNREACHABLE_CODE = YES;
				CLANG_WARN__DUPLICATE_METHOD_MATCH = YES;
				COPY_PHASE_STRIP = NO;
				DEBUG_INFORMATION_FORMAT = dwarf;
				ENABLE_STRICT_OBJC_MSGSEND = YES;
				ENABLE_TESTABILITY = YES;
				GCC_C_LANGUAGE_STANDARD = gnu11;
				GCC_DYNAMIC_NO_PIC = NO;
				GCC_NO_COMMON_BLOCKS = YES;
				GCC_OPTIMIZATION_LEVEL = 0;
				GCC_PREPROCESSOR_DEFINITIONS = (
					"DEBUG=1",
					"$(inherited)",
				);
				GCC_WARN_64_TO_32_BIT_CONVERSION = YES;
				GCC_WARN_ABOUT_RETURN_TYPE = YES_ERROR;
				GCC_WARN_UNDECLARED_SELECTOR = YES;
				GCC_WARN_UNINITIALIZED_AUTOS = YES_AGGRESSIVE;
				GCC_WARN_UNUSED_FUNCTION = YES;
				GCC_WARN_UNUSED_VARIABLE = YES;
				IPHONEOS_DEPLOYMENT_TARGET = 15.5;
				MTL_ENABLE_DEBUG_INFO = INCLUDE_SOURCE;
				MTL_FAST_MATH = YES;
				ONLY_ACTIVE_ARCH = YES;
				SDKROOT = iphoneos;
				SWIFT_ACTIVE_COMPILATION_CONDITIONS = DEBUG;
				SWIFT_OPTIMIZATION_LEVEL = "-Onone";
			};
			name = Debug;
		};
		82ED44F02A3246F10067B4CB /* Release */ = {
			isa = XCBuildConfiguration;
			buildSettings = {
				ALWAYS_SEARCH_USER_PATHS = NO;
				CLANG_ANALYZER_NONNULL = YES;
				CLANG_ANALYZER_NUMBER_OBJECT_CONVERSION = YES_AGGRESSIVE;
				CLANG_CXX_LANGUAGE_STANDARD = "gnu++17";
				CLANG_ENABLE_MODULES = YES;
				CLANG_ENABLE_OBJC_ARC = YES;
				CLANG_ENABLE_OBJC_WEAK = YES;
				CLANG_WARN_BLOCK_CAPTURE_AUTORELEASING = YES;
				CLANG_WARN_BOOL_CONVERSION = YES;
				CLANG_WARN_COMMA = YES;
				CLANG_WARN_CONSTANT_CONVERSION = YES;
				CLANG_WARN_DEPRECATED_OBJC_IMPLEMENTATIONS = YES;
				CLANG_WARN_DIRECT_OBJC_ISA_USAGE = YES_ERROR;
				CLANG_WARN_DOCUMENTATION_COMMENTS = YES;
				CLANG_WARN_EMPTY_BODY = YES;
				CLANG_WARN_ENUM_CONVERSION = YES;
				CLANG_WARN_INFINITE_RECURSION = YES;
				CLANG_WARN_INT_CONVERSION = YES;
				CLANG_WARN_NON_LITERAL_NULL_CONVERSION = YES;
				CLANG_WARN_OBJC_IMPLICIT_RETAIN_SELF = YES;
				CLANG_WARN_OBJC_LITERAL_CONVERSION = YES;
				CLANG_WARN_OBJC_ROOT_CLASS = YES_ERROR;
				CLANG_WARN_QUOTED_INCLUDE_IN_FRAMEWORK_HEADER = YES;
				CLANG_WARN_RANGE_LOOP_ANALYSIS = YES;
				CLANG_WARN_STRICT_PROTOTYPES = YES;
				CLANG_WARN_SUSPICIOUS_MOVE = YES;
				CLANG_WARN_UNGUARDED_AVAILABILITY = YES_AGGRESSIVE;
				CLANG_WARN_UNREACHABLE_CODE = YES;
				CLANG_WARN__DUPLICATE_METHOD_MATCH = YES;
				COPY_PHASE_STRIP = NO;
				DEBUG_INFORMATION_FORMAT = "dwarf-with-dsym";
				ENABLE_NS_ASSERTIONS = NO;
				ENABLE_STRICT_OBJC_MSGSEND = YES;
				GCC_C_LANGUAGE_STANDARD = gnu11;
				GCC_NO_COMMON_BLOCKS = YES;
				GCC_WARN_64_TO_32_BIT_CONVERSION = YES;
				GCC_WARN_ABOUT_RETURN_TYPE = YES_ERROR;
				GCC_WARN_UNDECLARED_SELECTOR = YES;
				GCC_WARN_UNINITIALIZED_AUTOS = YES_AGGRESSIVE;
				GCC_WARN_UNUSED_FUNCTION = YES;
				GCC_WARN_UNUSED_VARIABLE = YES;
				IPHONEOS_DEPLOYMENT_TARGET = 15.5;
				MTL_ENABLE_DEBUG_INFO = NO;
				MTL_FAST_MATH = YES;
				SDKROOT = iphoneos;
				SWIFT_COMPILATION_MODE = wholemodule;
				SWIFT_OPTIMIZATION_LEVEL = "-O";
				VALIDATE_PRODUCT = YES;
			};
			name = Release;
		};
		82ED44F22A3246F10067B4CB /* Debug */ = {
			isa = XCBuildConfiguration;
			baseConfigurationReference = FF7EA833E59A09E479BB5C2C /* Pods-Filmoteka.debug.xcconfig */;
			buildSettings = {
				ASSETCATALOG_COMPILER_APPICON_NAME = AppIcon;
				ASSETCATALOG_COMPILER_GLOBAL_ACCENT_COLOR_NAME = AccentColor;
				CODE_SIGN_STYLE = Automatic;
				CURRENT_PROJECT_VERSION = 1;
				GENERATE_INFOPLIST_FILE = YES;
				INFOPLIST_FILE = Filmoteka/Info.plist;
				INFOPLIST_KEY_UIApplicationSupportsIndirectInputEvents = YES;
				INFOPLIST_KEY_UILaunchStoryboardName = LaunchScreen;
				INFOPLIST_KEY_UIMainStoryboardFile = Main;
				INFOPLIST_KEY_UISupportedInterfaceOrientations = UIInterfaceOrientationPortrait;
				INFOPLIST_KEY_UISupportedInterfaceOrientations_iPad = "UIInterfaceOrientationPortrait UIInterfaceOrientationPortraitUpsideDown UIInterfaceOrientationLandscapeLeft UIInterfaceOrientationLandscapeRight";
				INFOPLIST_KEY_UISupportedInterfaceOrientations_iPhone = "UIInterfaceOrientationPortrait UIInterfaceOrientationLandscapeLeft UIInterfaceOrientationLandscapeRight";
				LD_RUNPATH_SEARCH_PATHS = (
					"$(inherited)",
					"@executable_path/Frameworks",
				);
				MARKETING_VERSION = 1.0;
				PRODUCT_BUNDLE_IDENTIFIER = com.iryna.Filmoteka;
				PRODUCT_NAME = "$(TARGET_NAME)";
				SWIFT_EMIT_LOC_STRINGS = YES;
				SWIFT_VERSION = 5.0;
				TARGETED_DEVICE_FAMILY = 1;
			};
			name = Debug;
		};
		82ED44F32A3246F10067B4CB /* Release */ = {
			isa = XCBuildConfiguration;
			baseConfigurationReference = 1D1BD474EA6EA77D2342BE8B /* Pods-Filmoteka.release.xcconfig */;
			buildSettings = {
				ASSETCATALOG_COMPILER_APPICON_NAME = AppIcon;
				ASSETCATALOG_COMPILER_GLOBAL_ACCENT_COLOR_NAME = AccentColor;
				CODE_SIGN_STYLE = Automatic;
				CURRENT_PROJECT_VERSION = 1;
				GENERATE_INFOPLIST_FILE = YES;
				INFOPLIST_FILE = Filmoteka/Info.plist;
				INFOPLIST_KEY_UIApplicationSupportsIndirectInputEvents = YES;
				INFOPLIST_KEY_UILaunchStoryboardName = LaunchScreen;
				INFOPLIST_KEY_UIMainStoryboardFile = Main;
				INFOPLIST_KEY_UISupportedInterfaceOrientations = UIInterfaceOrientationPortrait;
				INFOPLIST_KEY_UISupportedInterfaceOrientations_iPad = "UIInterfaceOrientationPortrait UIInterfaceOrientationPortraitUpsideDown UIInterfaceOrientationLandscapeLeft UIInterfaceOrientationLandscapeRight";
				INFOPLIST_KEY_UISupportedInterfaceOrientations_iPhone = "UIInterfaceOrientationPortrait UIInterfaceOrientationLandscapeLeft UIInterfaceOrientationLandscapeRight";
				LD_RUNPATH_SEARCH_PATHS = (
					"$(inherited)",
					"@executable_path/Frameworks",
				);
				MARKETING_VERSION = 1.0;
				PRODUCT_BUNDLE_IDENTIFIER = com.iryna.Filmoteka;
				PRODUCT_NAME = "$(TARGET_NAME)";
				SWIFT_EMIT_LOC_STRINGS = YES;
				SWIFT_VERSION = 5.0;
				TARGETED_DEVICE_FAMILY = 1;
			};
			name = Release;
		};
/* End XCBuildConfiguration section */

/* Begin XCConfigurationList section */
		82ED44D82A3246F00067B4CB /* Build configuration list for PBXProject "Filmoteka" */ = {
			isa = XCConfigurationList;
			buildConfigurations = (
				82ED44EF2A3246F10067B4CB /* Debug */,
				82ED44F02A3246F10067B4CB /* Release */,
			);
			defaultConfigurationIsVisible = 0;
			defaultConfigurationName = Release;
		};
		82ED44F12A3246F10067B4CB /* Build configuration list for PBXNativeTarget "Filmoteka" */ = {
			isa = XCConfigurationList;
			buildConfigurations = (
				82ED44F22A3246F10067B4CB /* Debug */,
				82ED44F32A3246F10067B4CB /* Release */,
			);
			defaultConfigurationIsVisible = 0;
			defaultConfigurationName = Release;
		};
/* End XCConfigurationList section */
	};
	rootObject = 82ED44D52A3246F00067B4CB /* Project object */;
}
